// !$*UTF8*$!
{
	archiveVersion = 1;
	classes = {
	};
	objectVersion = 46;
	objects = {

/* Begin PBXBuildFile section */
		993BB6E31F165D9C003D7FDE /* AppDelegate.swift in Sources */ = {isa = PBXBuildFile; fileRef = 993BB6E21F165D9C003D7FDE /* AppDelegate.swift */; };
		993BB6E51F165D9C003D7FDE /* ViewController.swift in Sources */ = {isa = PBXBuildFile; fileRef = 993BB6E41F165D9C003D7FDE /* ViewController.swift */; };
		993BB6E81F165D9C003D7FDE /* Main.storyboard in Resources */ = {isa = PBXBuildFile; fileRef = 993BB6E61F165D9C003D7FDE /* Main.storyboard */; };
		993BB6EA1F165D9C003D7FDE /* Assets.xcassets in Resources */ = {isa = PBXBuildFile; fileRef = 993BB6E91F165D9C003D7FDE /* Assets.xcassets */; };
		993BB6ED1F165D9C003D7FDE /* LaunchScreen.storyboard in Resources */ = {isa = PBXBuildFile; fileRef = 993BB6EB1F165D9C003D7FDE /* LaunchScreen.storyboard */; };
		993BB6F51F165DC4003D7FDE /* FantasticView.swift in Sources */ = {isa = PBXBuildFile; fileRef = 993BB6F41F165DC4003D7FDE /* FantasticView.swift */; };
/* End PBXBuildFile section */

/* Begin PBXFileReference section */
		993BB6DF1F165D9C003D7FDE /* FantasticView.app */ = {isa = PBXFileReference; explicitFileType = wrapper.application; includeInIndex = 0; path = FantasticView.app; sourceTree = BUILT_PRODUCTS_DIR; };
		993BB6E21F165D9C003D7FDE /* AppDelegate.swift */ = {isa = PBXFileReference; lastKnownFileType = sourcecode.swift; path = AppDelegate.swift; sourceTree = "<group>"; };
		993BB6E41F165D9C003D7FDE /* ViewController.swift */ = {isa = PBXFileReference; lastKnownFileType = sourcecode.swift; path = ViewController.swift; sourceTree = "<group>"; };
		993BB6E71F165D9C003D7FDE /* Base */ = {isa = PBXFileReference; lastKnownFileType = file.storyboard; name = Base; path = Base.lproj/Main.storyboard; sourceTree = "<group>"; };
		993BB6E91F165D9C003D7FDE /* Assets.xcassets */ = {isa = PBXFileReference; lastKnownFileType = folder.assetcatalog; path = Assets.xcassets; sourceTree = "<group>"; };
		993BB6EC1F165D9C003D7FDE /* Base */ = {isa = PBXFileReference; lastKnownFileType = file.storyboard; name = Base; path = Base.lproj/LaunchScreen.storyboard; sourceTree = "<group>"; };
		993BB6EE1F165D9C003D7FDE /* Info.plist */ = {isa = PBXFileReference; lastKnownFileType = text.plist.xml; path = Info.plist; sourceTree = "<group>"; };
		993BB6F41F165DC4003D7FDE /* FantasticView.swift */ = {isa = PBXFileReference; fileEncoding = 4; lastKnownFileType = sourcecode.swift; path = FantasticView.swift; sourceTree = "<group>"; };
/* End PBXFileReference section */

/* Begin PBXFrameworksBuildPhase section */
		993BB6DC1F165D9C003D7FDE /* Frameworks */ = {
			isa = PBXFrameworksBuildPhase;
			buildActionMask = 2147483647;
			files = (
			);
			runOnlyForDeploymentPostprocessing = 0;
		};
/* End PBXFrameworksBuildPhase section */

/* Begin PBXGroup section */
		993BB6D61F165D9C003D7FDE = {
			isa = PBXGroup;
			children = (
				993BB6E11F165D9C003D7FDE /* FantasticView */,
				993BB6E01F165D9C003D7FDE /* Products */,
			);
			sourceTree = "<group>";
		};
		993BB6E01F165D9C003D7FDE /* Products */ = {
			isa = PBXGroup;
			children = (
				993BB6DF1F165D9C003D7FDE /* FantasticView.app */,
			);
			name = Products;
			sourceTree = "<group>";
		};
		993BB6E11F165D9C003D7FDE /* FantasticView */ = {
			isa = PBXGroup;
			children = (
				993BB6F41F165DC4003D7FDE /* FantasticView.swift */,
				993BB6E21F165D9C003D7FDE /* AppDelegate.swift */,
				993BB6E41F165D9C003D7FDE /* ViewController.swift */,
				993BB6E61F165D9C003D7FDE /* Main.storyboard */,
				993BB6E91F165D9C003D7FDE /* Assets.xcassets */,
				993BB6EB1F165D9C003D7FDE /* LaunchScreen.storyboard */,
				993BB6EE1F165D9C003D7FDE /* Info.plist */,
			);
			path = FantasticView;
			sourceTree = "<group>";
		};
/* End PBXGroup section */

/* Begin PBXNativeTarget section */
		993BB6DE1F165D9C003D7FDE /* FantasticView */ = {
			isa = PBXNativeTarget;
			buildConfigurationList = 993BB6F11F165D9C003D7FDE /* Build configuration list for PBXNativeTarget "FantasticView" */;
			buildPhases = (
				993BB6DB1F165D9C003D7FDE /* Sources */,
				993BB6DC1F165D9C003D7FDE /* Frameworks */,
				993BB6DD1F165D9C003D7FDE /* Resources */,
			);
			buildRules = (
			);
			dependencies = (
			);
			name = FantasticView;
			productName = FantasticView;
			productReference = 993BB6DF1F165D9C003D7FDE /* FantasticView.app */;
			productType = "com.apple.product-type.application";
		};
/* End PBXNativeTarget section */

/* Begin PBXProject section */
		993BB6D71F165D9C003D7FDE /* Project object */ = {
			isa = PBXProject;
			attributes = {
				LastSwiftUpdateCheck = 0830;
				LastUpgradeCheck = 0830;
				ORGANIZATIONNAME = "kenworth nadera";
				TargetAttributes = {
					993BB6DE1F165D9C003D7FDE = {
						CreatedOnToolsVersion = 8.3.3;
						DevelopmentTeam = V798B95849;
						ProvisioningStyle = Automatic;
					};
				};
			};
			buildConfigurationList = 993BB6DA1F165D9C003D7FDE /* Build configuration list for PBXProject "FantasticView" */;
			compatibilityVersion = "Xcode 3.2";
			developmentRegion = English;
			hasScannedForEncodings = 0;
			knownRegions = (
				en,
				Base,
			);
			mainGroup = 993BB6D61F165D9C003D7FDE;
			productRefGroup = 993BB6E01F165D9C003D7FDE /* Products */;
			projectDirPath = "";
			projectRoot = "";
			targets = (
				993BB6DE1F165D9C003D7FDE /* FantasticView */,
			);
		};
/* End PBXProject section */

/* Begin PBXResourcesBuildPhase section */
		993BB6DD1F165D9C003D7FDE /* Resources */ = {
			isa = PBXResourcesBuildPhase;
			buildActionMask = 2147483647;
			files = (
				993BB6ED1F165D9C003D7FDE /* LaunchScreen.storyboard in Resources */,
				993BB6EA1F165D9C003D7FDE /* Assets.xcassets in Resources */,
				993BB6E81F165D9C003D7FDE /* Main.storyboard in Resources */,
			);
			runOnlyForDeploymentPostprocessing = 0;
		};
/* End PBXResourcesBuildPhase section */

/* Begin PBXSourcesBuildPhase section */
		993BB6DB1F165D9C003D7FDE /* Sources */ = {
			isa = PBXSourcesBuildPhase;
			buildActionMask = 2147483647;
			files = (
				993BB6E51F165D9C003D7FDE /* ViewController.swift in Sources */,
				993BB6E31F165D9C003D7FDE /* AppDelegate.swift in Sources */,
				993BB6F51F165DC4003D7FDE /* FantasticView.swift in Sources */,
			);
			runOnlyForDeploymentPostprocessing = 0;
		};
/* End PBXSourcesBuildPhase section */

/* Begin PBXVariantGroup section */
		993BB6E61F165D9C003D7FDE /* Main.storyboard */ = {
			isa = PBXVariantGroup;
			children = (
				993BB6E71F165D9C003D7FDE /* Base */,
			);
			name = Main.storyboard;
			sourceTree = "<group>";
		};
		993BB6EB1F165D9C003D7FDE /* LaunchScreen.storyboard */ = {
			isa = PBXVariantGroup;
			children = (
				993BB6EC1F165D9C003D7FDE /* Base */,
			);
			name = LaunchScreen.storyboard;
			sourceTree = "<group>";
		};
/* End PBXVariantGroup section */

/* Begin XCBuildConfiguration section */
		993BB6EF1F165D9C003D7FDE /* Debug */ = {
			isa = XCBuildConfiguration;
			buildSettings = {
				ALWAYS_SEARCH_USER_PATHS = NO;
				CLANG_ANALYZER_NONNULL = YES;
				CLANG_ANALYZER_NUMBER_OBJECT_CONVERSION = YES_AGGRESSIVE;
				CLANG_CXX_LANGUAGE_STANDARD = "gnu++0x";
				CLANG_CXX_LIBRARY = "libc++";
				CLANG_ENABLE_MODULES = YES;
				CLANG_ENABLE_OBJC_ARC = YES;
				CLANG_WARN_BOOL_CONVERSION = YES;
				CLANG_WARN_CONSTANT_CONVERSION = YES;
				CLANG_WARN_DIRECT_OBJC_ISA_USAGE = YES_ERROR;
				CLANG_WARN_DOCUMENTATION_COMMENTS = YES;
				CLANG_WARN_EMPTY_BODY = YES;
				CLANG_WARN_ENUM_CONVERSION = YES;
				CLANG_WARN_INFINITE_RECURSION = YES;
				CLANG_WARN_INT_CONVERSION = YES;
				CLANG_WARN_OBJC_ROOT_CLASS = YES_ERROR;
				CLANG_WARN_SUSPICIOUS_MOVE = YES;
				CLANG_WARN_UNREACHABLE_CODE = YES;
				CLANG_WARN__DUPLICATE_METHOD_MATCH = YES;
				"CODE_SIGN_IDENTITY[sdk=iphoneos*]" = "iPhone Developer";
				COPY_PHASE_STRIP = NO;
				DEBUG_INFORMATION_FORMAT = dwarf;
				ENABLE_STRICT_OBJC_MSGSEND = YES;
				ENABLE_TESTABILITY = YES;
				GCC_C_LANGUAGE_STANDARD = gnu99;
				GCC_DYNAMIC_NO_PIC = NO;
				GCC_NO_COMMON_BLOCKS = YES;
				GCC_OPTIMIZATION_LEVEL = 0;
				GCC_PREPROCESSOR_DEFINITIONS = (
					"DEBUG=1",
					"$(inherited)",
				);
				GCC_WARN_64_TO_32_BIT_CONVERSION = YES;
				GCC_WARN_ABOUT_RETURN_TYPE = YES_ERROR;
				GCC_WARN_UNDECLARED_SELECTOR = YES;
				GCC_WARN_UNINITIALIZED_AUTOS = YES_AGGRESSIVE;
				GCC_WARN_UNUSED_FUNCTION = YES;
				GCC_WARN_UNUSED_VARIABLE = YES;
				IPHONEOS_DEPLOYMENT_TARGET = 10.3;
				MTL_ENABLE_DEBUG_INFO = YES;
				ONLY_ACTIVE_ARCH = YES;
				SDKROOT = iphoneos;
				SWIFT_ACTIVE_COMPILATION_CONDITIONS = DEBUG;
				SWIFT_OPTIMIZATION_LEVEL = "-Onone";
				TARGETED_DEVICE_FAMILY = 2;
			};
			name = Debug;
		};
		993BB6F01F165D9C003D7FDE /* Release */ = {
			isa = XCBuildConfiguration;
			buildSettings = {
				ALWAYS_SEARCH_USER_PATHS = NO;
				CLANG_ANALYZER_NONNULL = YES;
				CLANG_ANALYZER_NUMBER_OBJECT_CONVERSION = YES_AGGRESSIVE;
				CLANG_CXX_LANGUAGE_STANDARD = "gnu++0x";
				CLANG_CXX_LIBRARY = "libc++";
				CLANG_ENABLE_MODULES = YES;
				CLANG_ENABLE_OBJC_ARC = YES;
				CLANG_WARN_BOOL_CONVERSION = YES;
				CLANG_WARN_CONSTANT_CONVERSION = YES;
				CLANG_WARN_DIRECT_OBJC_ISA_USAGE = YES_ERROR;
				CLANG_WARN_DOCUMENTATION_COMMENTS = YES;
				CLANG_WARN_EMPTY_BODY = YES;
				CLANG_WARN_ENUM_CONVERSION = YES;
				CLANG_WARN_INFINITE_RECURSION = YES;
				CLANG_WARN_INT_CONVERSION = YES;
				CLANG_WARN_OBJC_ROOT_CLASS = YES_ERROR;
				CLANG_WARN_SUSPICIOUS_MOVE = YES;
				CLANG_WARN_UNREACHABLE_CODE = YES;
				CLANG_WARN__DUPLICATE_METHOD_MATCH = YES;
				"CODE_SIGN_IDENTITY[sdk=iphoneos*]" = "iPhone Developer";
				COPY_PHASE_STRIP = NO;
				DEBUG_INFORMATION_FORMAT = "dwarf-with-dsym";
				ENABLE_NS_ASSERTIONS = NO;
				ENABLE_STRICT_OBJC_MSGSEND = YES;
				GCC_C_LANGUAGE_STANDARD = gnu99;
				GCC_NO_COMMON_BLOCKS = YES;
				GCC_WARN_64_TO_32_BIT_CONVERSION = YES;
				GCC_WARN_ABOUT_RETURN_TYPE = YES_ERROR;
				GCC_WARN_UNDECLARED_SELECTOR = YES;
				GCC_WARN_UNINITIALIZED_AUTOS = YES_AGGRESSIVE;
				GCC_WARN_UNUSED_FUNCTION = YES;
				GCC_WARN_UNUSED_VARIABLE = YES;
				IPHONEOS_DEPLOYMENT_TARGET = 10.3;
				MTL_ENABLE_DEBUG_INFO = NO;
				SDKROOT = iphoneos;
				SWIFT_OPTIMIZATION_LEVEL = "-Owholemodule";
				TARGETED_DEVICE_FAMILY = 2;
				VALIDATE_PRODUCT = YES;
			};
			name = Release;
		};
		993BB6F21F165D9C003D7FDE /* Debug */ = {
			isa = XCBuildConfiguration;
			buildSettings = {
				ASSETCATALOG_COMPILER_APPICON_NAME = AppIcon;
				DEVELOPMENT_TEAM = V798B95849;
				INFOPLIST_FILE = FantasticView/Info.plist;
				LD_RUNPATH_SEARCH_PATHS = "$(inherited) @executable_path/Frameworks";
				PRODUCT_BUNDLE_IDENTIFIER = com.kenworthnadera.FantasticView;
				PRODUCT_NAME = "$(TARGET_NAME)";
				SWIFT_VERSION = 3.0;
			};
			name = Debug;
		};
		993BB6F31F165D9C003D7FDE /* Release */ = {
			isa = XCBuildConfiguration;
			buildSettings = {
				ASSETCATALOG_COMPILER_APPICON_NAME = AppIcon;
				DEVELOPMENT_TEAM = V798B95849;
				INFOPLIST_FILE = FantasticView/Info.plist;
				LD_RUNPATH_SEARCH_PATHS = "$(inherited) @executable_path/Frameworks";
				PRODUCT_BUNDLE_IDENTIFIER = com.kenworthnadera.FantasticView;
				PRODUCT_NAME = "$(TARGET_NAME)";
				SWIFT_VERSION = 3.0;
			};
			name = Release;
		};
/* End XCBuildConfiguration section */

/* Begin XCConfigurationList section */
		993BB6DA1F165D9C003D7FDE /* Build configuration list for PBXProject "FantasticView" */ = {
			isa = XCConfigurationList;
			buildConfigurations = (
				993BB6EF1F165D9C003D7FDE /* Debug */,
				993BB6F01F165D9C003D7FDE /* Release */,
			);
			defaultConfigurationIsVisible = 0;
			defaultConfigurationName = Release;
		};
		993BB6F11F165D9C003D7FDE /* Build configuration list for PBXNativeTarget "FantasticView" */ = {
			isa = XCConfigurationList;
			buildConfigurations = (
				993BB6F21F165D9C003D7FDE /* Debug */,
				993BB6F31F165D9C003D7FDE /* Release */,
			);
			defaultConfigurationIsVisible = 0;
		};
/* End XCConfigurationList section */
	};
	rootObject = 993BB6D71F165D9C003D7FDE /* Project object */;
}
